// !$*UTF8*$!
{
	archiveVersion = 1;
	classes = {
	};
	objectVersion = 56;
	objects = {

/* Begin PBXBuildFile section */
		09D4D9A129ED6C500090E8BA /* AppDelegate.swift in Sources */ = {isa = PBXBuildFile; fileRef = 09D4D9A029ED6C500090E8BA /* AppDelegate.swift */; };
		09D4D9A329ED6C500090E8BA /* SceneDelegate.swift in Sources */ = {isa = PBXBuildFile; fileRef = 09D4D9A229ED6C500090E8BA /* SceneDelegate.swift */; };
		09D4D9A529ED6C500090E8BA /* ViewController.swift in Sources */ = {isa = PBXBuildFile; fileRef = 09D4D9A429ED6C500090E8BA /* ViewController.swift */; };
		09D4D9A829ED6C500090E8BA /* Main.storyboard in Resources */ = {isa = PBXBuildFile; fileRef = 09D4D9A629ED6C500090E8BA /* Main.storyboard */; };
		09D4D9AA29ED6C510090E8BA /* Assets.xcassets in Resources */ = {isa = PBXBuildFile; fileRef = 09D4D9A929ED6C510090E8BA /* Assets.xcassets */; };
		09D4D9AD29ED6C510090E8BA /* LaunchScreen.storyboard in Resources */ = {isa = PBXBuildFile; fileRef = 09D4D9AB29ED6C510090E8BA /* LaunchScreen.storyboard */; };
		09D4D9B629ED6D510090E8BA /* SettingsAllert.swift in Sources */ = {isa = PBXBuildFile; fileRef = 09D4D9B529ED6D510090E8BA /* SettingsAllert.swift */; };
/* End PBXBuildFile section */

/* Begin PBXFileReference section */
		09D4D99D29ED6C500090E8BA /* 3AlertSecondTaskMVC.app */ = {isa = PBXFileReference; explicitFileType = wrapper.application; includeInIndex = 0; path = 3AlertSecondTaskMVC.app; sourceTree = BUILT_PRODUCTS_DIR; };
		09D4D9A029ED6C500090E8BA /* AppDelegate.swift */ = {isa = PBXFileReference; lastKnownFileType = sourcecode.swift; path = AppDelegate.swift; sourceTree = "<group>"; };
		09D4D9A229ED6C500090E8BA /* SceneDelegate.swift */ = {isa = PBXFileReference; lastKnownFileType = sourcecode.swift; path = SceneDelegate.swift; sourceTree = "<group>"; };
		09D4D9A429ED6C500090E8BA /* ViewController.swift */ = {isa = PBXFileReference; lastKnownFileType = sourcecode.swift; path = ViewController.swift; sourceTree = "<group>"; };
		09D4D9A729ED6C500090E8BA /* Base */ = {isa = PBXFileReference; lastKnownFileType = file.storyboard; name = Base; path = Base.lproj/Main.storyboard; sourceTree = "<group>"; };
		09D4D9A929ED6C510090E8BA /* Assets.xcassets */ = {isa = PBXFileReference; lastKnownFileType = folder.assetcatalog; path = Assets.xcassets; sourceTree = "<group>"; };
		09D4D9AC29ED6C510090E8BA /* Base */ = {isa = PBXFileReference; lastKnownFileType = file.storyboard; name = Base; path = Base.lproj/LaunchScreen.storyboard; sourceTree = "<group>"; };
		09D4D9AE29ED6C510090E8BA /* Info.plist */ = {isa = PBXFileReference; lastKnownFileType = text.plist.xml; path = Info.plist; sourceTree = "<group>"; };
		09D4D9B529ED6D510090E8BA /* SettingsAllert.swift */ = {isa = PBXFileReference; lastKnownFileType = sourcecode.swift; path = SettingsAllert.swift; sourceTree = "<group>"; };
/* End PBXFileReference section */

/* Begin PBXFrameworksBuildPhase section */
		09D4D99A29ED6C500090E8BA /* Frameworks */ = {
			isa = PBXFrameworksBuildPhase;
			buildActionMask = 2147483647;
			files = (
			);
			runOnlyForDeploymentPostprocessing = 0;
		};
/* End PBXFrameworksBuildPhase section */

/* Begin PBXGroup section */
		09D4D99429ED6C500090E8BA = {
			isa = PBXGroup;
			children = (
				09D4D99F29ED6C500090E8BA /* 3AlertSecondTaskMVC */,
				09D4D99E29ED6C500090E8BA /* Products */,
			);
			sourceTree = "<group>";
		};
		09D4D99E29ED6C500090E8BA /* Products */ = {
			isa = PBXGroup;
			children = (
				09D4D99D29ED6C500090E8BA /* 3AlertSecondTaskMVC.app */,
			);
			name = Products;
			sourceTree = "<group>";
		};
		09D4D99F29ED6C500090E8BA /* 3AlertSecondTaskMVC */ = {
			isa = PBXGroup;
			children = (
				09D4D9A429ED6C500090E8BA /* ViewController.swift */,
				09D4D9B429ED6C580090E8BA /* Model */,
				09D4D9B829ED6D870090E8BA /* Base */,
				09D4D9A029ED6C500090E8BA /* AppDelegate.swift */,
				09D4D9A229ED6C500090E8BA /* SceneDelegate.swift */,
				09D4D9A929ED6C510090E8BA /* Assets.xcassets */,
				09D4D9AE29ED6C510090E8BA /* Info.plist */,
			);
			path = 3AlertSecondTaskMVC;
			sourceTree = "<group>";
		};
		09D4D9B429ED6C580090E8BA /* Model */ = {
			isa = PBXGroup;
			children = (
				09D4D9B529ED6D510090E8BA /* SettingsAllert.swift */,
			);
			path = Model;
			sourceTree = "<group>";
		};
		09D4D9B829ED6D870090E8BA /* Base */ = {
			isa = PBXGroup;
			children = (
				09D4D9A629ED6C500090E8BA /* Main.storyboard */,
				09D4D9AB29ED6C510090E8BA /* LaunchScreen.storyboard */,
			);
			path = Base;
			sourceTree = "<group>";
		};
/* End PBXGroup section */

/* Begin PBXNativeTarget section */
		09D4D99C29ED6C500090E8BA /* 3AlertSecondTaskMVC */ = {
			isa = PBXNativeTarget;
			buildConfigurationList = 09D4D9B129ED6C510090E8BA /* Build configuration list for PBXNativeTarget "3AlertSecondTaskMVC" */;
			buildPhases = (
				09D4D99929ED6C500090E8BA /* Sources */,
				09D4D99A29ED6C500090E8BA /* Frameworks */,
				09D4D99B29ED6C500090E8BA /* Resources */,
			);
			buildRules = (
			);
			dependencies = (
			);
			name = 3AlertSecondTaskMVC;
			productName = 3AlertSecondTaskMVC;
			productReference = 09D4D99D29ED6C500090E8BA /* 3AlertSecondTaskMVC.app */;
			productType = "com.apple.product-type.application";
		};
/* End PBXNativeTarget section */

/* Begin PBXProject section */
		09D4D99529ED6C500090E8BA /* Project object */ = {
			isa = PBXProject;
			attributes = {
				BuildIndependentTargetsInParallel = 1;
				LastSwiftUpdateCheck = 1420;
				LastUpgradeCheck = 1420;
				TargetAttributes = {
					09D4D99C29ED6C500090E8BA = {
						CreatedOnToolsVersion = 14.2;
					};
				};
			};
			buildConfigurationList = 09D4D99829ED6C500090E8BA /* Build configuration list for PBXProject "3AlertSecondTaskMVC" */;
			compatibilityVersion = "Xcode 14.0";
			developmentRegion = en;
			hasScannedForEncodings = 0;
			knownRegions = (
				en,
				Base,
			);
			mainGroup = 09D4D99429ED6C500090E8BA;
			productRefGroup = 09D4D99E29ED6C500090E8BA /* Products */;
			projectDirPath = "";
			projectRoot = "";
			targets = (
				09D4D99C29ED6C500090E8BA /* 3AlertSecondTaskMVC */,
			);
		};
/* End PBXProject section */

/* Begin PBXResourcesBuildPhase section */
		09D4D99B29ED6C500090E8BA /* Resources */ = {
			isa = PBXResourcesBuildPhase;
			buildActionMask = 2147483647;
			files = (
				09D4D9AD29ED6C510090E8BA /* LaunchScreen.storyboard in Resources */,
				09D4D9AA29ED6C510090E8BA /* Assets.xcassets in Resources */,
				09D4D9A829ED6C500090E8BA /* Main.storyboard in Resources */,
			);
			runOnlyForDeploymentPostprocessing = 0;
		};
/* End PBXResourcesBuildPhase section */

/* Begin PBXSourcesBuildPhase section */
		09D4D99929ED6C500090E8BA /* Sources */ = {
			isa = PBXSourcesBuildPhase;
			buildActionMask = 2147483647;
			files = (
				09D4D9B629ED6D510090E8BA /* SettingsAllert.swift in Sources */,
				09D4D9A529ED6C500090E8BA /* ViewController.swift in Sources */,
				09D4D9A129ED6C500090E8BA /* AppDelegate.swift in Sources */,
				09D4D9A329ED6C500090E8BA /* SceneDelegate.swift in Sources */,
			);
			runOnlyForDeploymentPostprocessing = 0;
		};
/* End PBXSourcesBuildPhase section */

/* Begin PBXVariantGroup section */
		09D4D9A629ED6C500090E8BA /* Main.storyboard */ = {
			isa = PBXVariantGroup;
			children = (
				09D4D9A729ED6C500090E8BA /* Base */,
			);
			name = Main.storyboard;
			sourceTree = "<group>";
		};
		09D4D9AB29ED6C510090E8BA /* LaunchScreen.storyboard */ = {
			isa = PBXVariantGroup;
			children = (
				09D4D9AC29ED6C510090E8BA /* Base */,
			);
			name = LaunchScreen.storyboard;
			sourceTree = "<group>";
		};
/* End PBXVariantGroup section */

/* Begin XCBuildConfiguration section */
		09D4D9AF29ED6C510090E8BA /* Debug */ = {
			isa = XCBuildConfiguration;
			buildSettings = {
				ALWAYS_SEARCH_USER_PATHS = NO;
				CLANG_ANALYZER_NONNULL = YES;
				CLANG_ANALYZER_NUMBER_OBJECT_CONVERSION = YES_AGGRESSIVE;
				CLANG_CXX_LANGUAGE_STANDARD = "gnu++20";
				CLANG_ENABLE_MODULES = YES;
				CLANG_ENABLE_OBJC_ARC = YES;
				CLANG_ENABLE_OBJC_WEAK = YES;
				CLANG_WARN_BLOCK_CAPTURE_AUTORELEASING = YES;
				CLANG_WARN_BOOL_CONVERSION = YES;
				CLANG_WARN_COMMA = YES;
				CLANG_WARN_CONSTANT_CONVERSION = YES;
				CLANG_WARN_DEPRECATED_OBJC_IMPLEMENTATIONS = YES;
				CLANG_WARN_DIRECT_OBJC_ISA_USAGE = YES_ERROR;
				CLANG_WARN_DOCUMENTATION_COMMENTS = YES;
				CLANG_WARN_EMPTY_BODY = YES;
				CLANG_WARN_ENUM_CONVERSION = YES;
				CLANG_WARN_INFINITE_RECURSION = YES;
				CLANG_WARN_INT_CONVERSION = YES;
				CLANG_WARN_NON_LITERAL_NULL_CONVERSION = YES;
				CLANG_WARN_OBJC_IMPLICIT_RETAIN_SELF = YES;
				CLANG_WARN_OBJC_LITERAL_CONVERSION = YES;
				CLANG_WARN_OBJC_ROOT_CLASS = YES_ERROR;
				CLANG_WARN_QUOTED_INCLUDE_IN_FRAMEWORK_HEADER = YES;
				CLANG_WARN_RANGE_LOOP_ANALYSIS = YES;
				CLANG_WARN_STRICT_PROTOTYPES = YES;
				CLANG_WARN_SUSPICIOUS_MOVE = YES;
				CLANG_WARN_UNGUARDED_AVAILABILITY = YES_AGGRESSIVE;
				CLANG_WARN_UNREACHABLE_CODE = YES;
				CLANG_WARN__DUPLICATE_METHOD_MATCH = YES;
				COPY_PHASE_STRIP = NO;
				DEBUG_INFORMATION_FORMAT = dwarf;
				ENABLE_STRICT_OBJC_MSGSEND = YES;
				ENABLE_TESTABILITY = YES;
				GCC_C_LANGUAGE_STANDARD = gnu11;
				GCC_DYNAMIC_NO_PIC = NO;
				GCC_NO_COMMON_BLOCKS = YES;
				GCC_OPTIMIZATION_LEVEL = 0;
				GCC_PREPROCESSOR_DEFINITIONS = (
					"DEBUG=1",
					"$(inherited)",
				);
				GCC_WARN_64_TO_32_BIT_CONVERSION = YES;
				GCC_WARN_ABOUT_RETURN_TYPE = YES_ERROR;
				GCC_WARN_UNDECLARED_SELECTOR = YES;
				GCC_WARN_UNINITIALIZED_AUTOS = YES_AGGRESSIVE;
				GCC_WARN_UNUSED_FUNCTION = YES;
				GCC_WARN_UNUSED_VARIABLE = YES;
				IPHONEOS_DEPLOYMENT_TARGET = 16.2;
				MTL_ENABLE_DEBUG_INFO = INCLUDE_SOURCE;
				MTL_FAST_MATH = YES;
				ONLY_ACTIVE_ARCH = YES;
				SDKROOT = iphoneos;
				SWIFT_ACTIVE_COMPILATION_CONDITIONS = DEBUG;
				SWIFT_OPTIMIZATION_LEVEL = "-Onone";
			};
			name = Debug;
		};
		09D4D9B029ED6C510090E8BA /* Release */ = {
			isa = XCBuildConfiguration;
			buildSettings = {
				ALWAYS_SEARCH_USER_PATHS = NO;
				CLANG_ANALYZER_NONNULL = YES;
				CLANG_ANALYZER_NUMBER_OBJECT_CONVERSION = YES_AGGRESSIVE;
				CLANG_CXX_LANGUAGE_STANDARD = "gnu++20";
				CLANG_ENABLE_MODULES = YES;
				CLANG_ENABLE_OBJC_ARC = YES;
				CLANG_ENABLE_OBJC_WEAK = YES;
				CLANG_WARN_BLOCK_CAPTURE_AUTORELEASING = YES;
				CLANG_WARN_BOOL_CONVERSION = YES;
				CLANG_WARN_COMMA = YES;
				CLANG_WARN_CONSTANT_CONVERSION = YES;
				CLANG_WARN_DEPRECATED_OBJC_IMPLEMENTATIONS = YES;
				CLANG_WARN_DIRECT_OBJC_ISA_USAGE = YES_ERROR;
				CLANG_WARN_DOCUMENTATION_COMMENTS = YES;
				CLANG_WARN_EMPTY_BODY = YES;
				CLANG_WARN_ENUM_CONVERSION = YES;
				CLANG_WARN_INFINITE_RECURSION = YES;
				CLANG_WARN_INT_CONVERSION = YES;
				CLANG_WARN_NON_LITERAL_NULL_CONVERSION = YES;
				CLANG_WARN_OBJC_IMPLICIT_RETAIN_SELF = YES;
				CLANG_WARN_OBJC_LITERAL_CONVERSION = YES;
				CLANG_WARN_OBJC_ROOT_CLASS = YES_ERROR;
				CLANG_WARN_QUOTED_INCLUDE_IN_FRAMEWORK_HEADER = YES;
				CLANG_WARN_RANGE_LOOP_ANALYSIS = YES;
				CLANG_WARN_STRICT_PROTOTYPES = YES;
				CLANG_WARN_SUSPICIOUS_MOVE = YES;
				CLANG_WARN_UNGUARDED_AVAILABILITY = YES_AGGRESSIVE;
				CLANG_WARN_UNREACHABLE_CODE = YES;
				CLANG_WARN__DUPLICATE_METHOD_MATCH = YES;
				COPY_PHASE_STRIP = NO;
				DEBUG_INFORMATION_FORMAT = "dwarf-with-dsym";
				ENABLE_NS_ASSERTIONS = NO;
				ENABLE_STRICT_OBJC_MSGSEND = YES;
				GCC_C_LANGUAGE_STANDARD = gnu11;
				GCC_NO_COMMON_BLOCKS = YES;
				GCC_WARN_64_TO_32_BIT_CONVERSION = YES;
				GCC_WARN_ABOUT_RETURN_TYPE = YES_ERROR;
				GCC_WARN_UNDECLARED_SELECTOR = YES;
				GCC_WARN_UNINITIALIZED_AUTOS = YES_AGGRESSIVE;
				GCC_WARN_UNUSED_FUNCTION = YES;
				GCC_WARN_UNUSED_VARIABLE = YES;
				IPHONEOS_DEPLOYMENT_TARGET = 16.2;
				MTL_ENABLE_DEBUG_INFO = NO;
				MTL_FAST_MATH = YES;
				SDKROOT = iphoneos;
				SWIFT_COMPILATION_MODE = wholemodule;
				SWIFT_OPTIMIZATION_LEVEL = "-O";
				VALIDATE_PRODUCT = YES;
			};
			name = Release;
		};
		09D4D9B229ED6C510090E8BA /* Debug */ = {
			isa = XCBuildConfiguration;
			buildSettings = {
				ASSETCATALOG_COMPILER_APPICON_NAME = AppIcon;
				ASSETCATALOG_COMPILER_GLOBAL_ACCENT_COLOR_NAME = AccentColor;
				CODE_SIGN_STYLE = Automatic;
				CURRENT_PROJECT_VERSION = 1;
				GENERATE_INFOPLIST_FILE = YES;
				INFOPLIST_FILE = 3AlertSecondTaskMVC/Info.plist;
				INFOPLIST_KEY_UIApplicationSupportsIndirectInputEvents = YES;
				INFOPLIST_KEY_UILaunchStoryboardName = LaunchScreen;
				INFOPLIST_KEY_UIMainStoryboardFile = Main;
				INFOPLIST_KEY_UISupportedInterfaceOrientations_iPad = "UIInterfaceOrientationPortrait UIInterfaceOrientationPortraitUpsideDown UIInterfaceOrientationLandscapeLeft UIInterfaceOrientationLandscapeRight";
				INFOPLIST_KEY_UISupportedInterfaceOrientations_iPhone = "UIInterfaceOrientationPortrait UIInterfaceOrientationLandscapeLeft UIInterfaceOrientationLandscapeRight";
				LD_RUNPATH_SEARCH_PATHS = (
					"$(inherited)",
					"@executable_path/Frameworks",
				);
				MARKETING_VERSION = 1.0;
				PRODUCT_BUNDLE_IDENTIFIER = "-.-AlertSecondTaskMVC";
				PRODUCT_NAME = "$(TARGET_NAME)";
				SWIFT_EMIT_LOC_STRINGS = YES;
				SWIFT_VERSION = 5.0;
				TARGETED_DEVICE_FAMILY = "1,2";
			};
			name = Debug;
		};
		09D4D9B329ED6C510090E8BA /* Release */ = {
			isa = XCBuildConfiguration;
			buildSettings = {
				ASSETCATALOG_COMPILER_APPICON_NAME = AppIcon;
				ASSETCATALOG_COMPILER_GLOBAL_ACCENT_COLOR_NAME = AccentColor;
				CODE_SIGN_STYLE = Automatic;
				CURRENT_PROJECT_VERSION = 1;
				GENERATE_INFOPLIST_FILE = YES;
				INFOPLIST_FILE = 3AlertSecondTaskMVC/Info.plist;
				INFOPLIST_KEY_UIApplicationSupportsIndirectInputEvents = YES;
				INFOPLIST_KEY_UILaunchStoryboardName = LaunchScreen;
				INFOPLIST_KEY_UIMainStoryboardFile = Main;
				INFOPLIST_KEY_UISupportedInterfaceOrientations_iPad = "UIInterfaceOrientationPortrait UIInterfaceOrientationPortraitUpsideDown UIInterfaceOrientationLandscapeLeft UIInterfaceOrientationLandscapeRight";
				INFOPLIST_KEY_UISupportedInterfaceOrientations_iPhone = "UIInterfaceOrientationPortrait UIInterfaceOrientationLandscapeLeft UIInterfaceOrientationLandscapeRight";
				LD_RUNPATH_SEARCH_PATHS = (
					"$(inherited)",
					"@executable_path/Frameworks",
				);
				MARKETING_VERSION = 1.0;
				PRODUCT_BUNDLE_IDENTIFIER = "-.-AlertSecondTaskMVC";
				PRODUCT_NAME = "$(TARGET_NAME)";
				SWIFT_EMIT_LOC_STRINGS = YES;
				SWIFT_VERSION = 5.0;
				TARGETED_DEVICE_FAMILY = "1,2";
			};
			name = Release;
		};
/* End XCBuildConfiguration section */

/* Begin XCConfigurationList section */
		09D4D99829ED6C500090E8BA /* Build configuration list for PBXProject "3AlertSecondTaskMVC" */ = {
			isa = XCConfigurationList;
			buildConfigurations = (
				09D4D9AF29ED6C510090E8BA /* Debug */,
				09D4D9B029ED6C510090E8BA /* Release */,
			);
			defaultConfigurationIsVisible = 0;
			defaultConfigurationName = Release;
		};
		09D4D9B129ED6C510090E8BA /* Build configuration list for PBXNativeTarget "3AlertSecondTaskMVC" */ = {
			isa = XCConfigurationList;
			buildConfigurations = (
				09D4D9B229ED6C510090E8BA /* Debug */,
				09D4D9B329ED6C510090E8BA /* Release */,
			);
			defaultConfigurationIsVisible = 0;
			defaultConfigurationName = Release;
		};
/* End XCConfigurationList section */
	};
	rootObject = 09D4D99529ED6C500090E8BA /* Project object */;
}
