// !$*UTF8*$!
{
	archiveVersion = 1;
	classes = {
	};
	objectVersion = 56;
	objects = {

/* Begin PBXBuildFile section */
		09DBAC6129FF4D7D00A01092 /* AppDelegate.swift in Sources */ = {isa = PBXBuildFile; fileRef = 09DBAC6029FF4D7D00A01092 /* AppDelegate.swift */; };
		09DBAC6329FF4D7D00A01092 /* SceneDelegate.swift in Sources */ = {isa = PBXBuildFile; fileRef = 09DBAC6229FF4D7D00A01092 /* SceneDelegate.swift */; };
		09DBAC6529FF4D7D00A01092 /* ViewController.swift in Sources */ = {isa = PBXBuildFile; fileRef = 09DBAC6429FF4D7D00A01092 /* ViewController.swift */; };
		09DBAC6829FF4D7D00A01092 /* Main.storyboard in Resources */ = {isa = PBXBuildFile; fileRef = 09DBAC6629FF4D7D00A01092 /* Main.storyboard */; };
		09DBAC6A29FF4D7F00A01092 /* Assets.xcassets in Resources */ = {isa = PBXBuildFile; fileRef = 09DBAC6929FF4D7F00A01092 /* Assets.xcassets */; };
		09DBAC6D29FF4D7F00A01092 /* LaunchScreen.storyboard in Resources */ = {isa = PBXBuildFile; fileRef = 09DBAC6B29FF4D7F00A01092 /* LaunchScreen.storyboard */; };
		09DBAC7729FF4F9800A01092 /* SecondViewController.swift in Sources */ = {isa = PBXBuildFile; fileRef = 09DBAC7629FF4F9800A01092 /* SecondViewController.swift */; };
		09DBAC7929FF4FA100A01092 /* ThirdViewController.swift in Sources */ = {isa = PBXBuildFile; fileRef = 09DBAC7829FF4FA100A01092 /* ThirdViewController.swift */; };
/* End PBXBuildFile section */

/* Begin PBXFileReference section */
		09DBAC5D29FF4D7D00A01092 /* 7lessonAppUISegmentControl.app */ = {isa = PBXFileReference; explicitFileType = wrapper.application; includeInIndex = 0; path = 7lessonAppUISegmentControl.app; sourceTree = BUILT_PRODUCTS_DIR; };
		09DBAC6029FF4D7D00A01092 /* AppDelegate.swift */ = {isa = PBXFileReference; lastKnownFileType = sourcecode.swift; path = AppDelegate.swift; sourceTree = "<group>"; };
		09DBAC6229FF4D7D00A01092 /* SceneDelegate.swift */ = {isa = PBXFileReference; lastKnownFileType = sourcecode.swift; path = SceneDelegate.swift; sourceTree = "<group>"; };
		09DBAC6429FF4D7D00A01092 /* ViewController.swift */ = {isa = PBXFileReference; lastKnownFileType = sourcecode.swift; path = ViewController.swift; sourceTree = "<group>"; };
		09DBAC6729FF4D7D00A01092 /* Base */ = {isa = PBXFileReference; lastKnownFileType = file.storyboard; name = Base; path = Base.lproj/Main.storyboard; sourceTree = "<group>"; };
		09DBAC6929FF4D7F00A01092 /* Assets.xcassets */ = {isa = PBXFileReference; lastKnownFileType = folder.assetcatalog; path = Assets.xcassets; sourceTree = "<group>"; };
		09DBAC6C29FF4D7F00A01092 /* Base */ = {isa = PBXFileReference; lastKnownFileType = file.storyboard; name = Base; path = Base.lproj/LaunchScreen.storyboard; sourceTree = "<group>"; };
		09DBAC6E29FF4D7F00A01092 /* Info.plist */ = {isa = PBXFileReference; lastKnownFileType = text.plist.xml; path = Info.plist; sourceTree = "<group>"; };
		09DBAC7629FF4F9800A01092 /* SecondViewController.swift */ = {isa = PBXFileReference; lastKnownFileType = sourcecode.swift; path = SecondViewController.swift; sourceTree = "<group>"; };
		09DBAC7829FF4FA100A01092 /* ThirdViewController.swift */ = {isa = PBXFileReference; lastKnownFileType = sourcecode.swift; path = ThirdViewController.swift; sourceTree = "<group>"; };
/* End PBXFileReference section */

/* Begin PBXFrameworksBuildPhase section */
		09DBAC5A29FF4D7D00A01092 /* Frameworks */ = {
			isa = PBXFrameworksBuildPhase;
			buildActionMask = 2147483647;
			files = (
			);
			runOnlyForDeploymentPostprocessing = 0;
		};
/* End PBXFrameworksBuildPhase section */

/* Begin PBXGroup section */
		09DBAC5429FF4D7D00A01092 = {
			isa = PBXGroup;
			children = (
				09DBAC5F29FF4D7D00A01092 /* 7lessonAppUISegmentControl */,
				09DBAC5E29FF4D7D00A01092 /* Products */,
			);
			sourceTree = "<group>";
		};
		09DBAC5E29FF4D7D00A01092 /* Products */ = {
			isa = PBXGroup;
			children = (
				09DBAC5D29FF4D7D00A01092 /* 7lessonAppUISegmentControl.app */,
			);
			name = Products;
			sourceTree = "<group>";
		};
		09DBAC5F29FF4D7D00A01092 /* 7lessonAppUISegmentControl */ = {
			isa = PBXGroup;
			children = (
				09DBAC7529FF4F4000A01092 /* Base */,
				09DBAC7429FF4F1000A01092 /* Views */,
				09DBAC6029FF4D7D00A01092 /* AppDelegate.swift */,
				09DBAC6229FF4D7D00A01092 /* SceneDelegate.swift */,
				09DBAC6929FF4D7F00A01092 /* Assets.xcassets */,
				09DBAC6E29FF4D7F00A01092 /* Info.plist */,
			);
			path = 7lessonAppUISegmentControl;
			sourceTree = "<group>";
		};
		09DBAC7429FF4F1000A01092 /* Views */ = {
			isa = PBXGroup;
			children = (
				09DBAC6429FF4D7D00A01092 /* ViewController.swift */,
				09DBAC7629FF4F9800A01092 /* SecondViewController.swift */,
				09DBAC7829FF4FA100A01092 /* ThirdViewController.swift */,
			);
			path = Views;
			sourceTree = "<group>";
		};
		09DBAC7529FF4F4000A01092 /* Base */ = {
			isa = PBXGroup;
			children = (
				09DBAC6B29FF4D7F00A01092 /* LaunchScreen.storyboard */,
				09DBAC6629FF4D7D00A01092 /* Main.storyboard */,
			);
			path = Base;
			sourceTree = "<group>";
		};
/* End PBXGroup section */

/* Begin PBXNativeTarget section */
		09DBAC5C29FF4D7D00A01092 /* 7lessonAppUISegmentControl */ = {
			isa = PBXNativeTarget;
			buildConfigurationList = 09DBAC7129FF4D7F00A01092 /* Build configuration list for PBXNativeTarget "7lessonAppUISegmentControl" */;
			buildPhases = (
				09DBAC5929FF4D7D00A01092 /* Sources */,
				09DBAC5A29FF4D7D00A01092 /* Frameworks */,
				09DBAC5B29FF4D7D00A01092 /* Resources */,
			);
			buildRules = (
			);
			dependencies = (
			);
			name = 7lessonAppUISegmentControl;
			productName = 7lessonAppUISegmentControl;
			productReference = 09DBAC5D29FF4D7D00A01092 /* 7lessonAppUISegmentControl.app */;
			productType = "com.apple.product-type.application";
		};
/* End PBXNativeTarget section */

/* Begin PBXProject section */
		09DBAC5529FF4D7D00A01092 /* Project object */ = {
			isa = PBXProject;
			attributes = {
				BuildIndependentTargetsInParallel = 1;
				LastSwiftUpdateCheck = 1430;
				LastUpgradeCheck = 1430;
				TargetAttributes = {
					09DBAC5C29FF4D7D00A01092 = {
						CreatedOnToolsVersion = 14.3;
					};
				};
			};
			buildConfigurationList = 09DBAC5829FF4D7D00A01092 /* Build configuration list for PBXProject "7lessonAppUISegmentControl" */;
			compatibilityVersion = "Xcode 14.0";
			developmentRegion = en;
			hasScannedForEncodings = 0;
			knownRegions = (
				en,
				Base,
			);
			mainGroup = 09DBAC5429FF4D7D00A01092;
			productRefGroup = 09DBAC5E29FF4D7D00A01092 /* Products */;
			projectDirPath = "";
			projectRoot = "";
			targets = (
				09DBAC5C29FF4D7D00A01092 /* 7lessonAppUISegmentControl */,
			);
		};
/* End PBXProject section */

/* Begin PBXResourcesBuildPhase section */
		09DBAC5B29FF4D7D00A01092 /* Resources */ = {
			isa = PBXResourcesBuildPhase;
			buildActionMask = 2147483647;
			files = (
				09DBAC6D29FF4D7F00A01092 /* LaunchScreen.storyboard in Resources */,
				09DBAC6A29FF4D7F00A01092 /* Assets.xcassets in Resources */,
				09DBAC6829FF4D7D00A01092 /* Main.storyboard in Resources */,
			);
			runOnlyForDeploymentPostprocessing = 0;
		};
/* End PBXResourcesBuildPhase section */

/* Begin PBXSourcesBuildPhase section */
		09DBAC5929FF4D7D00A01092 /* Sources */ = {
			isa = PBXSourcesBuildPhase;
			buildActionMask = 2147483647;
			files = (
				09DBAC7729FF4F9800A01092 /* SecondViewController.swift in Sources */,
				09DBAC6529FF4D7D00A01092 /* ViewController.swift in Sources */,
				09DBAC7929FF4FA100A01092 /* ThirdViewController.swift in Sources */,
				09DBAC6129FF4D7D00A01092 /* AppDelegate.swift in Sources */,
				09DBAC6329FF4D7D00A01092 /* SceneDelegate.swift in Sources */,
			);
			runOnlyForDeploymentPostprocessing = 0;
		};
/* End PBXSourcesBuildPhase section */

/* Begin PBXVariantGroup section */
		09DBAC6629FF4D7D00A01092 /* Main.storyboard */ = {
			isa = PBXVariantGroup;
			children = (
				09DBAC6729FF4D7D00A01092 /* Base */,
			);
			name = Main.storyboard;
			sourceTree = "<group>";
		};
		09DBAC6B29FF4D7F00A01092 /* LaunchScreen.storyboard */ = {
			isa = PBXVariantGroup;
			children = (
				09DBAC6C29FF4D7F00A01092 /* Base */,
			);
			name = LaunchScreen.storyboard;
			sourceTree = "<group>";
		};
/* End PBXVariantGroup section */

/* Begin XCBuildConfiguration section */
		09DBAC6F29FF4D7F00A01092 /* Debug */ = {
			isa = XCBuildConfiguration;
			buildSettings = {
				ALWAYS_SEARCH_USER_PATHS = NO;
				CLANG_ANALYZER_NONNULL = YES;
				CLANG_ANALYZER_NUMBER_OBJECT_CONVERSION = YES_AGGRESSIVE;
				CLANG_CXX_LANGUAGE_STANDARD = "gnu++20";
				CLANG_ENABLE_MODULES = YES;
				CLANG_ENABLE_OBJC_ARC = YES;
				CLANG_ENABLE_OBJC_WEAK = YES;
				CLANG_WARN_BLOCK_CAPTURE_AUTORELEASING = YES;
				CLANG_WARN_BOOL_CONVERSION = YES;
				CLANG_WARN_COMMA = YES;
				CLANG_WARN_CONSTANT_CONVERSION = YES;
				CLANG_WARN_DEPRECATED_OBJC_IMPLEMENTATIONS = YES;
				CLANG_WARN_DIRECT_OBJC_ISA_USAGE = YES_ERROR;
				CLANG_WARN_DOCUMENTATION_COMMENTS = YES;
				CLANG_WARN_EMPTY_BODY = YES;
				CLANG_WARN_ENUM_CONVERSION = YES;
				CLANG_WARN_INFINITE_RECURSION = YES;
				CLANG_WARN_INT_CONVERSION = YES;
				CLANG_WARN_NON_LITERAL_NULL_CONVERSION = YES;
				CLANG_WARN_OBJC_IMPLICIT_RETAIN_SELF = YES;
				CLANG_WARN_OBJC_LITERAL_CONVERSION = YES;
				CLANG_WARN_OBJC_ROOT_CLASS = YES_ERROR;
				CLANG_WARN_QUOTED_INCLUDE_IN_FRAMEWORK_HEADER = YES;
				CLANG_WARN_RANGE_LOOP_ANALYSIS = YES;
				CLANG_WARN_STRICT_PROTOTYPES = YES;
				CLANG_WARN_SUSPICIOUS_MOVE = YES;
				CLANG_WARN_UNGUARDED_AVAILABILITY = YES_AGGRESSIVE;
				CLANG_WARN_UNREACHABLE_CODE = YES;
				CLANG_WARN__DUPLICATE_METHOD_MATCH = YES;
				COPY_PHASE_STRIP = NO;
				DEBUG_INFORMATION_FORMAT = dwarf;
				ENABLE_STRICT_OBJC_MSGSEND = YES;
				ENABLE_TESTABILITY = YES;
				GCC_C_LANGUAGE_STANDARD = gnu11;
				GCC_DYNAMIC_NO_PIC = NO;
				GCC_NO_COMMON_BLOCKS = YES;
				GCC_OPTIMIZATION_LEVEL = 0;
				GCC_PREPROCESSOR_DEFINITIONS = (
					"DEBUG=1",
					"$(inherited)",
				);
				GCC_WARN_64_TO_32_BIT_CONVERSION = YES;
				GCC_WARN_ABOUT_RETURN_TYPE = YES_ERROR;
				GCC_WARN_UNDECLARED_SELECTOR = YES;
				GCC_WARN_UNINITIALIZED_AUTOS = YES_AGGRESSIVE;
				GCC_WARN_UNUSED_FUNCTION = YES;
				GCC_WARN_UNUSED_VARIABLE = YES;
				IPHONEOS_DEPLOYMENT_TARGET = 16.4;
				MTL_ENABLE_DEBUG_INFO = INCLUDE_SOURCE;
				MTL_FAST_MATH = YES;
				ONLY_ACTIVE_ARCH = YES;
				SDKROOT = iphoneos;
				SWIFT_ACTIVE_COMPILATION_CONDITIONS = DEBUG;
				SWIFT_OPTIMIZATION_LEVEL = "-Onone";
			};
			name = Debug;
		};
		09DBAC7029FF4D7F00A01092 /* Release */ = {
			isa = XCBuildConfiguration;
			buildSettings = {
				ALWAYS_SEARCH_USER_PATHS = NO;
				CLANG_ANALYZER_NONNULL = YES;
				CLANG_ANALYZER_NUMBER_OBJECT_CONVERSION = YES_AGGRESSIVE;
				CLANG_CXX_LANGUAGE_STANDARD = "gnu++20";
				CLANG_ENABLE_MODULES = YES;
				CLANG_ENABLE_OBJC_ARC = YES;
				CLANG_ENABLE_OBJC_WEAK = YES;
				CLANG_WARN_BLOCK_CAPTURE_AUTORELEASING = YES;
				CLANG_WARN_BOOL_CONVERSION = YES;
				CLANG_WARN_COMMA = YES;
				CLANG_WARN_CONSTANT_CONVERSION = YES;
				CLANG_WARN_DEPRECATED_OBJC_IMPLEMENTATIONS = YES;
				CLANG_WARN_DIRECT_OBJC_ISA_USAGE = YES_ERROR;
				CLANG_WARN_DOCUMENTATION_COMMENTS = YES;
				CLANG_WARN_EMPTY_BODY = YES;
				CLANG_WARN_ENUM_CONVERSION = YES;
				CLANG_WARN_INFINITE_RECURSION = YES;
				CLANG_WARN_INT_CONVERSION = YES;
				CLANG_WARN_NON_LITERAL_NULL_CONVERSION = YES;
				CLANG_WARN_OBJC_IMPLICIT_RETAIN_SELF = YES;
				CLANG_WARN_OBJC_LITERAL_CONVERSION = YES;
				CLANG_WARN_OBJC_ROOT_CLASS = YES_ERROR;
				CLANG_WARN_QUOTED_INCLUDE_IN_FRAMEWORK_HEADER = YES;
				CLANG_WARN_RANGE_LOOP_ANALYSIS = YES;
				CLANG_WARN_STRICT_PROTOTYPES = YES;
				CLANG_WARN_SUSPICIOUS_MOVE = YES;
				CLANG_WARN_UNGUARDED_AVAILABILITY = YES_AGGRESSIVE;
				CLANG_WARN_UNREACHABLE_CODE = YES;
				CLANG_WARN__DUPLICATE_METHOD_MATCH = YES;
				COPY_PHASE_STRIP = NO;
				DEBUG_INFORMATION_FORMAT = "dwarf-with-dsym";
				ENABLE_NS_ASSERTIONS = NO;
				ENABLE_STRICT_OBJC_MSGSEND = YES;
				GCC_C_LANGUAGE_STANDARD = gnu11;
				GCC_NO_COMMON_BLOCKS = YES;
				GCC_WARN_64_TO_32_BIT_CONVERSION = YES;
				GCC_WARN_ABOUT_RETURN_TYPE = YES_ERROR;
				GCC_WARN_UNDECLARED_SELECTOR = YES;
				GCC_WARN_UNINITIALIZED_AUTOS = YES_AGGRESSIVE;
				GCC_WARN_UNUSED_FUNCTION = YES;
				GCC_WARN_UNUSED_VARIABLE = YES;
				IPHONEOS_DEPLOYMENT_TARGET = 16.4;
				MTL_ENABLE_DEBUG_INFO = NO;
				MTL_FAST_MATH = YES;
				SDKROOT = iphoneos;
				SWIFT_COMPILATION_MODE = wholemodule;
				SWIFT_OPTIMIZATION_LEVEL = "-O";
				VALIDATE_PRODUCT = YES;
			};
			name = Release;
		};
		09DBAC7229FF4D7F00A01092 /* Debug */ = {
			isa = XCBuildConfiguration;
			buildSettings = {
				ASSETCATALOG_COMPILER_APPICON_NAME = AppIcon;
				ASSETCATALOG_COMPILER_GLOBAL_ACCENT_COLOR_NAME = AccentColor;
				CODE_SIGN_STYLE = Automatic;
				CURRENT_PROJECT_VERSION = 1;
				DEVELOPMENT_TEAM = WFX9Z8Q7WY;
				GENERATE_INFOPLIST_FILE = YES;
				INFOPLIST_FILE = 7lessonAppUISegmentControl/Info.plist;
				INFOPLIST_KEY_UIApplicationSupportsIndirectInputEvents = YES;
				INFOPLIST_KEY_UILaunchStoryboardName = LaunchScreen;
				INFOPLIST_KEY_UIMainStoryboardFile = Main;
				INFOPLIST_KEY_UISupportedInterfaceOrientations_iPad = "UIInterfaceOrientationPortrait UIInterfaceOrientationPortraitUpsideDown UIInterfaceOrientationLandscapeLeft UIInterfaceOrientationLandscapeRight";
				INFOPLIST_KEY_UISupportedInterfaceOrientations_iPhone = "UIInterfaceOrientationPortrait UIInterfaceOrientationLandscapeLeft UIInterfaceOrientationLandscapeRight";
				LD_RUNPATH_SEARCH_PATHS = (
					"$(inherited)",
					"@executable_path/Frameworks",
				);
				MARKETING_VERSION = 1.0;
				PRODUCT_BUNDLE_IDENTIFIER = "-.-lessonAppUISegmentControl";
				PRODUCT_NAME = "$(TARGET_NAME)";
				SWIFT_EMIT_LOC_STRINGS = YES;
				SWIFT_VERSION = 5.0;
				TARGETED_DEVICE_FAMILY = "1,2";
			};
			name = Debug;
		};
		09DBAC7329FF4D7F00A01092 /* Release */ = {
			isa = XCBuildConfiguration;
			buildSettings = {
				ASSETCATALOG_COMPILER_APPICON_NAME = AppIcon;
				ASSETCATALOG_COMPILER_GLOBAL_ACCENT_COLOR_NAME = AccentColor;
				CODE_SIGN_STYLE = Automatic;
				CURRENT_PROJECT_VERSION = 1;
				DEVELOPMENT_TEAM = WFX9Z8Q7WY;
				GENERATE_INFOPLIST_FILE = YES;
				INFOPLIST_FILE = 7lessonAppUISegmentControl/Info.plist;
				INFOPLIST_KEY_UIApplicationSupportsIndirectInputEvents = YES;
				INFOPLIST_KEY_UILaunchStoryboardName = LaunchScreen;
				INFOPLIST_KEY_UIMainStoryboardFile = Main;
				INFOPLIST_KEY_UISupportedInterfaceOrientations_iPad = "UIInterfaceOrientationPortrait UIInterfaceOrientationPortraitUpsideDown UIInterfaceOrientationLandscapeLeft UIInterfaceOrientationLandscapeRight";
				INFOPLIST_KEY_UISupportedInterfaceOrientations_iPhone = "UIInterfaceOrientationPortrait UIInterfaceOrientationLandscapeLeft UIInterfaceOrientationLandscapeRight";
				LD_RUNPATH_SEARCH_PATHS = (
					"$(inherited)",
					"@executable_path/Frameworks",
				);
				MARKETING_VERSION = 1.0;
				PRODUCT_BUNDLE_IDENTIFIER = "-.-lessonAppUISegmentControl";
				PRODUCT_NAME = "$(TARGET_NAME)";
				SWIFT_EMIT_LOC_STRINGS = YES;
				SWIFT_VERSION = 5.0;
				TARGETED_DEVICE_FAMILY = "1,2";
			};
			name = Release;
		};
/* End XCBuildConfiguration section */

/* Begin XCConfigurationList section */
		09DBAC5829FF4D7D00A01092 /* Build configuration list for PBXProject "7lessonAppUISegmentControl" */ = {
			isa = XCConfigurationList;
			buildConfigurations = (
				09DBAC6F29FF4D7F00A01092 /* Debug */,
				09DBAC7029FF4D7F00A01092 /* Release */,
			);
			defaultConfigurationIsVisible = 0;
			defaultConfigurationName = Release;
		};
		09DBAC7129FF4D7F00A01092 /* Build configuration list for PBXNativeTarget "7lessonAppUISegmentControl" */ = {
			isa = XCConfigurationList;
			buildConfigurations = (
				09DBAC7229FF4D7F00A01092 /* Debug */,
				09DBAC7329FF4D7F00A01092 /* Release */,
			);
			defaultConfigurationIsVisible = 0;
			defaultConfigurationName = Release;
		};
/* End XCConfigurationList section */
	};
	rootObject = 09DBAC5529FF4D7D00A01092 /* Project object */;
}
