// !$*UTF8*$!
{
	archiveVersion = 1;
	classes = {
	};
	objectVersion = 56;
	objects = {

/* Begin PBXBuildFile section */
		09600BE42A2E1AFF009BB39A /* WebViewController.swift in Sources */ = {isa = PBXBuildFile; fileRef = 09600BE32A2E1AFF009BB39A /* WebViewController.swift */; };
		09E1403B2A178821002E1A2D /* AppDelegate.swift in Sources */ = {isa = PBXBuildFile; fileRef = 09E1403A2A178821002E1A2D /* AppDelegate.swift */; };
		09E1403D2A178821002E1A2D /* SceneDelegate.swift in Sources */ = {isa = PBXBuildFile; fileRef = 09E1403C2A178821002E1A2D /* SceneDelegate.swift */; };
		09E1403F2A178821002E1A2D /* ByeViewController.swift in Sources */ = {isa = PBXBuildFile; fileRef = 09E1403E2A178821002E1A2D /* ByeViewController.swift */; };
		09E140422A178821002E1A2D /* Main.storyboard in Resources */ = {isa = PBXBuildFile; fileRef = 09E140402A178821002E1A2D /* Main.storyboard */; };
		09E140442A178822002E1A2D /* Assets.xcassets in Resources */ = {isa = PBXBuildFile; fileRef = 09E140432A178822002E1A2D /* Assets.xcassets */; };
		09E140472A178822002E1A2D /* LaunchScreen.storyboard in Resources */ = {isa = PBXBuildFile; fileRef = 09E140452A178822002E1A2D /* LaunchScreen.storyboard */; };
		09E140522A1788E3002E1A2D /* ForYouViewController.swift in Sources */ = {isa = PBXBuildFile; fileRef = 09E140512A1788E3002E1A2D /* ForYouViewController.swift */; };
		09E140542A1B18FC002E1A2D /* SearchViewController.swift in Sources */ = {isa = PBXBuildFile; fileRef = 09E140532A1B18FC002E1A2D /* SearchViewController.swift */; };
		09E140562A1B1932002E1A2D /* ShoppingCartViewController.swift in Sources */ = {isa = PBXBuildFile; fileRef = 09E140552A1B1932002E1A2D /* ShoppingCartViewController.swift */; };
		09F4D7382A298FE500058996 /* MyChoiseViewController.swift in Sources */ = {isa = PBXBuildFile; fileRef = 09F4D7372A298FE500058996 /* MyChoiseViewController.swift */; };
/* End PBXBuildFile section */

/* Begin PBXFileReference section */
		09600BE32A2E1AFF009BB39A /* WebViewController.swift */ = {isa = PBXFileReference; lastKnownFileType = sourcecode.swift; path = WebViewController.swift; sourceTree = "<group>"; };
		09E140372A178821002E1A2D /* 16and17lessonUIImageViewAndUIScrollView.app */ = {isa = PBXFileReference; explicitFileType = wrapper.application; includeInIndex = 0; path = 16and17lessonUIImageViewAndUIScrollView.app; sourceTree = BUILT_PRODUCTS_DIR; };
		09E1403A2A178821002E1A2D /* AppDelegate.swift */ = {isa = PBXFileReference; lastKnownFileType = sourcecode.swift; path = AppDelegate.swift; sourceTree = "<group>"; };
		09E1403C2A178821002E1A2D /* SceneDelegate.swift */ = {isa = PBXFileReference; lastKnownFileType = sourcecode.swift; path = SceneDelegate.swift; sourceTree = "<group>"; };
		09E1403E2A178821002E1A2D /* ByeViewController.swift */ = {isa = PBXFileReference; lastKnownFileType = sourcecode.swift; path = ByeViewController.swift; sourceTree = "<group>"; };
		09E140412A178821002E1A2D /* Base */ = {isa = PBXFileReference; lastKnownFileType = file.storyboard; name = Base; path = Base.lproj/Main.storyboard; sourceTree = "<group>"; };
		09E140432A178822002E1A2D /* Assets.xcassets */ = {isa = PBXFileReference; lastKnownFileType = folder.assetcatalog; path = Assets.xcassets; sourceTree = "<group>"; };
		09E140462A178822002E1A2D /* Base */ = {isa = PBXFileReference; lastKnownFileType = file.storyboard; name = Base; path = Base.lproj/LaunchScreen.storyboard; sourceTree = "<group>"; };
		09E140482A178822002E1A2D /* Info.plist */ = {isa = PBXFileReference; lastKnownFileType = text.plist.xml; path = Info.plist; sourceTree = "<group>"; };
		09E140512A1788E3002E1A2D /* ForYouViewController.swift */ = {isa = PBXFileReference; lastKnownFileType = sourcecode.swift; path = ForYouViewController.swift; sourceTree = "<group>"; };
		09E140532A1B18FC002E1A2D /* SearchViewController.swift */ = {isa = PBXFileReference; lastKnownFileType = sourcecode.swift; path = SearchViewController.swift; sourceTree = "<group>"; };
		09E140552A1B1932002E1A2D /* ShoppingCartViewController.swift */ = {isa = PBXFileReference; lastKnownFileType = sourcecode.swift; path = ShoppingCartViewController.swift; sourceTree = "<group>"; };
		09F4D7372A298FE500058996 /* MyChoiseViewController.swift */ = {isa = PBXFileReference; lastKnownFileType = sourcecode.swift; path = MyChoiseViewController.swift; sourceTree = "<group>"; };
/* End PBXFileReference section */

/* Begin PBXFrameworksBuildPhase section */
		09E140342A178821002E1A2D /* Frameworks */ = {
			isa = PBXFrameworksBuildPhase;
			buildActionMask = 2147483647;
			files = (
			);
			runOnlyForDeploymentPostprocessing = 0;
		};
/* End PBXFrameworksBuildPhase section */

/* Begin PBXGroup section */
		09E1402E2A178821002E1A2D = {
			isa = PBXGroup;
			children = (
				09E140392A178821002E1A2D /* 16and17lessonUIImageViewAndUIScrollView */,
				09E140382A178821002E1A2D /* Products */,
			);
			sourceTree = "<group>";
		};
		09E140382A178821002E1A2D /* Products */ = {
			isa = PBXGroup;
			children = (
				09E140372A178821002E1A2D /* 16and17lessonUIImageViewAndUIScrollView.app */,
			);
			name = Products;
			sourceTree = "<group>";
		};
		09E140392A178821002E1A2D /* 16and17lessonUIImageViewAndUIScrollView */ = {
			isa = PBXGroup;
			children = (
				09E1404F2A178833002E1A2D /* Base */,
				09E1404E2A178829002E1A2D /* Views */,
				09E1403A2A178821002E1A2D /* AppDelegate.swift */,
				09E1403C2A178821002E1A2D /* SceneDelegate.swift */,
				09E140432A178822002E1A2D /* Assets.xcassets */,
				09E140482A178822002E1A2D /* Info.plist */,
			);
			path = 16and17lessonUIImageViewAndUIScrollView;
			sourceTree = "<group>";
		};
		09E1404E2A178829002E1A2D /* Views */ = {
			isa = PBXGroup;
			children = (
				09E1403E2A178821002E1A2D /* ByeViewController.swift */,
				09E140512A1788E3002E1A2D /* ForYouViewController.swift */,
				09E140532A1B18FC002E1A2D /* SearchViewController.swift */,
				09E140552A1B1932002E1A2D /* ShoppingCartViewController.swift */,
				09F4D7372A298FE500058996 /* MyChoiseViewController.swift */,
				09600BE32A2E1AFF009BB39A /* WebViewController.swift */,
			);
			path = Views;
			sourceTree = "<group>";
		};
		09E1404F2A178833002E1A2D /* Base */ = {
			isa = PBXGroup;
			children = (
				09E140402A178821002E1A2D /* Main.storyboard */,
				09E140452A178822002E1A2D /* LaunchScreen.storyboard */,
			);
			path = Base;
			sourceTree = "<group>";
		};
/* End PBXGroup section */

/* Begin PBXNativeTarget section */
		09E140362A178821002E1A2D /* 16and17lessonUIImageViewAndUIScrollView */ = {
			isa = PBXNativeTarget;
			buildConfigurationList = 09E1404B2A178822002E1A2D /* Build configuration list for PBXNativeTarget "16and17lessonUIImageViewAndUIScrollView" */;
			buildPhases = (
				09E140332A178821002E1A2D /* Sources */,
				09E140342A178821002E1A2D /* Frameworks */,
				09E140352A178821002E1A2D /* Resources */,
			);
			buildRules = (
			);
			dependencies = (
			);
			name = 16and17lessonUIImageViewAndUIScrollView;
			productName = 16and17lessonUIImageViewAndUIScrollView;
			productReference = 09E140372A178821002E1A2D /* 16and17lessonUIImageViewAndUIScrollView.app */;
			productType = "com.apple.product-type.application";
		};
/* End PBXNativeTarget section */

/* Begin PBXProject section */
		09E1402F2A178821002E1A2D /* Project object */ = {
			isa = PBXProject;
			attributes = {
				BuildIndependentTargetsInParallel = 1;
				LastSwiftUpdateCheck = 1430;
				LastUpgradeCheck = 1430;
				TargetAttributes = {
					09E140362A178821002E1A2D = {
						CreatedOnToolsVersion = 14.3;
					};
				};
			};
			buildConfigurationList = 09E140322A178821002E1A2D /* Build configuration list for PBXProject "16and17lessonUIImageViewAndUIScrollView" */;
			compatibilityVersion = "Xcode 14.0";
			developmentRegion = en;
			hasScannedForEncodings = 0;
			knownRegions = (
				en,
				Base,
			);
			mainGroup = 09E1402E2A178821002E1A2D;
			productRefGroup = 09E140382A178821002E1A2D /* Products */;
			projectDirPath = "";
			projectRoot = "";
			targets = (
				09E140362A178821002E1A2D /* 16and17lessonUIImageViewAndUIScrollView */,
			);
		};
/* End PBXProject section */

/* Begin PBXResourcesBuildPhase section */
		09E140352A178821002E1A2D /* Resources */ = {
			isa = PBXResourcesBuildPhase;
			buildActionMask = 2147483647;
			files = (
				09E140472A178822002E1A2D /* LaunchScreen.storyboard in Resources */,
				09E140442A178822002E1A2D /* Assets.xcassets in Resources */,
				09E140422A178821002E1A2D /* Main.storyboard in Resources */,
			);
			runOnlyForDeploymentPostprocessing = 0;
		};
/* End PBXResourcesBuildPhase section */

/* Begin PBXSourcesBuildPhase section */
		09E140332A178821002E1A2D /* Sources */ = {
			isa = PBXSourcesBuildPhase;
			buildActionMask = 2147483647;
			files = (
				09E140542A1B18FC002E1A2D /* SearchViewController.swift in Sources */,
				09E140522A1788E3002E1A2D /* ForYouViewController.swift in Sources */,
				09E140562A1B1932002E1A2D /* ShoppingCartViewController.swift in Sources */,
				09E1403F2A178821002E1A2D /* ByeViewController.swift in Sources */,
				09E1403B2A178821002E1A2D /* AppDelegate.swift in Sources */,
				09F4D7382A298FE500058996 /* MyChoiseViewController.swift in Sources */,
				09E1403D2A178821002E1A2D /* SceneDelegate.swift in Sources */,
				09600BE42A2E1AFF009BB39A /* WebViewController.swift in Sources */,
			);
			runOnlyForDeploymentPostprocessing = 0;
		};
/* End PBXSourcesBuildPhase section */

/* Begin PBXVariantGroup section */
		09E140402A178821002E1A2D /* Main.storyboard */ = {
			isa = PBXVariantGroup;
			children = (
				09E140412A178821002E1A2D /* Base */,
			);
			name = Main.storyboard;
			sourceTree = "<group>";
		};
		09E140452A178822002E1A2D /* LaunchScreen.storyboard */ = {
			isa = PBXVariantGroup;
			children = (
				09E140462A178822002E1A2D /* Base */,
			);
			name = LaunchScreen.storyboard;
			sourceTree = "<group>";
		};
/* End PBXVariantGroup section */

/* Begin XCBuildConfiguration section */
		09E140492A178822002E1A2D /* Debug */ = {
			isa = XCBuildConfiguration;
			buildSettings = {
				ALWAYS_SEARCH_USER_PATHS = NO;
				CLANG_ANALYZER_NONNULL = YES;
				CLANG_ANALYZER_NUMBER_OBJECT_CONVERSION = YES_AGGRESSIVE;
				CLANG_CXX_LANGUAGE_STANDARD = "gnu++20";
				CLANG_ENABLE_MODULES = YES;
				CLANG_ENABLE_OBJC_ARC = YES;
				CLANG_ENABLE_OBJC_WEAK = YES;
				CLANG_WARN_BLOCK_CAPTURE_AUTORELEASING = YES;
				CLANG_WARN_BOOL_CONVERSION = YES;
				CLANG_WARN_COMMA = YES;
				CLANG_WARN_CONSTANT_CONVERSION = YES;
				CLANG_WARN_DEPRECATED_OBJC_IMPLEMENTATIONS = YES;
				CLANG_WARN_DIRECT_OBJC_ISA_USAGE = YES_ERROR;
				CLANG_WARN_DOCUMENTATION_COMMENTS = YES;
				CLANG_WARN_EMPTY_BODY = YES;
				CLANG_WARN_ENUM_CONVERSION = YES;
				CLANG_WARN_INFINITE_RECURSION = YES;
				CLANG_WARN_INT_CONVERSION = YES;
				CLANG_WARN_NON_LITERAL_NULL_CONVERSION = YES;
				CLANG_WARN_OBJC_IMPLICIT_RETAIN_SELF = YES;
				CLANG_WARN_OBJC_LITERAL_CONVERSION = YES;
				CLANG_WARN_OBJC_ROOT_CLASS = YES_ERROR;
				CLANG_WARN_QUOTED_INCLUDE_IN_FRAMEWORK_HEADER = YES;
				CLANG_WARN_RANGE_LOOP_ANALYSIS = YES;
				CLANG_WARN_STRICT_PROTOTYPES = YES;
				CLANG_WARN_SUSPICIOUS_MOVE = YES;
				CLANG_WARN_UNGUARDED_AVAILABILITY = YES_AGGRESSIVE;
				CLANG_WARN_UNREACHABLE_CODE = YES;
				CLANG_WARN__DUPLICATE_METHOD_MATCH = YES;
				COPY_PHASE_STRIP = NO;
				DEBUG_INFORMATION_FORMAT = dwarf;
				ENABLE_STRICT_OBJC_MSGSEND = YES;
				ENABLE_TESTABILITY = YES;
				GCC_C_LANGUAGE_STANDARD = gnu11;
				GCC_DYNAMIC_NO_PIC = NO;
				GCC_NO_COMMON_BLOCKS = YES;
				GCC_OPTIMIZATION_LEVEL = 0;
				GCC_PREPROCESSOR_DEFINITIONS = (
					"DEBUG=1",
					"$(inherited)",
				);
				GCC_WARN_64_TO_32_BIT_CONVERSION = YES;
				GCC_WARN_ABOUT_RETURN_TYPE = YES_ERROR;
				GCC_WARN_UNDECLARED_SELECTOR = YES;
				GCC_WARN_UNINITIALIZED_AUTOS = YES_AGGRESSIVE;
				GCC_WARN_UNUSED_FUNCTION = YES;
				GCC_WARN_UNUSED_VARIABLE = YES;
				IPHONEOS_DEPLOYMENT_TARGET = 16.4;
				MTL_ENABLE_DEBUG_INFO = INCLUDE_SOURCE;
				MTL_FAST_MATH = YES;
				ONLY_ACTIVE_ARCH = YES;
				SDKROOT = iphoneos;
				SWIFT_ACTIVE_COMPILATION_CONDITIONS = DEBUG;
				SWIFT_OPTIMIZATION_LEVEL = "-Onone";
			};
			name = Debug;
		};
		09E1404A2A178822002E1A2D /* Release */ = {
			isa = XCBuildConfiguration;
			buildSettings = {
				ALWAYS_SEARCH_USER_PATHS = NO;
				CLANG_ANALYZER_NONNULL = YES;
				CLANG_ANALYZER_NUMBER_OBJECT_CONVERSION = YES_AGGRESSIVE;
				CLANG_CXX_LANGUAGE_STANDARD = "gnu++20";
				CLANG_ENABLE_MODULES = YES;
				CLANG_ENABLE_OBJC_ARC = YES;
				CLANG_ENABLE_OBJC_WEAK = YES;
				CLANG_WARN_BLOCK_CAPTURE_AUTORELEASING = YES;
				CLANG_WARN_BOOL_CONVERSION = YES;
				CLANG_WARN_COMMA = YES;
				CLANG_WARN_CONSTANT_CONVERSION = YES;
				CLANG_WARN_DEPRECATED_OBJC_IMPLEMENTATIONS = YES;
				CLANG_WARN_DIRECT_OBJC_ISA_USAGE = YES_ERROR;
				CLANG_WARN_DOCUMENTATION_COMMENTS = YES;
				CLANG_WARN_EMPTY_BODY = YES;
				CLANG_WARN_ENUM_CONVERSION = YES;
				CLANG_WARN_INFINITE_RECURSION = YES;
				CLANG_WARN_INT_CONVERSION = YES;
				CLANG_WARN_NON_LITERAL_NULL_CONVERSION = YES;
				CLANG_WARN_OBJC_IMPLICIT_RETAIN_SELF = YES;
				CLANG_WARN_OBJC_LITERAL_CONVERSION = YES;
				CLANG_WARN_OBJC_ROOT_CLASS = YES_ERROR;
				CLANG_WARN_QUOTED_INCLUDE_IN_FRAMEWORK_HEADER = YES;
				CLANG_WARN_RANGE_LOOP_ANALYSIS = YES;
				CLANG_WARN_STRICT_PROTOTYPES = YES;
				CLANG_WARN_SUSPICIOUS_MOVE = YES;
				CLANG_WARN_UNGUARDED_AVAILABILITY = YES_AGGRESSIVE;
				CLANG_WARN_UNREACHABLE_CODE = YES;
				CLANG_WARN__DUPLICATE_METHOD_MATCH = YES;
				COPY_PHASE_STRIP = NO;
				DEBUG_INFORMATION_FORMAT = "dwarf-with-dsym";
				ENABLE_NS_ASSERTIONS = NO;
				ENABLE_STRICT_OBJC_MSGSEND = YES;
				GCC_C_LANGUAGE_STANDARD = gnu11;
				GCC_NO_COMMON_BLOCKS = YES;
				GCC_WARN_64_TO_32_BIT_CONVERSION = YES;
				GCC_WARN_ABOUT_RETURN_TYPE = YES_ERROR;
				GCC_WARN_UNDECLARED_SELECTOR = YES;
				GCC_WARN_UNINITIALIZED_AUTOS = YES_AGGRESSIVE;
				GCC_WARN_UNUSED_FUNCTION = YES;
				GCC_WARN_UNUSED_VARIABLE = YES;
				IPHONEOS_DEPLOYMENT_TARGET = 16.4;
				MTL_ENABLE_DEBUG_INFO = NO;
				MTL_FAST_MATH = YES;
				SDKROOT = iphoneos;
				SWIFT_COMPILATION_MODE = wholemodule;
				SWIFT_OPTIMIZATION_LEVEL = "-O";
				VALIDATE_PRODUCT = YES;
			};
			name = Release;
		};
		09E1404C2A178822002E1A2D /* Debug */ = {
			isa = XCBuildConfiguration;
			buildSettings = {
				ASSETCATALOG_COMPILER_APPICON_NAME = AppIcon;
				ASSETCATALOG_COMPILER_GLOBAL_ACCENT_COLOR_NAME = AccentColor;
				CODE_SIGN_STYLE = Automatic;
				CURRENT_PROJECT_VERSION = 1;
				DEVELOPMENT_TEAM = WFX9Z8Q7WY;
				GENERATE_INFOPLIST_FILE = YES;
				INFOPLIST_FILE = 16and17lessonUIImageViewAndUIScrollView/Info.plist;
				INFOPLIST_KEY_UIApplicationSupportsIndirectInputEvents = YES;
				INFOPLIST_KEY_UILaunchStoryboardName = LaunchScreen;
				INFOPLIST_KEY_UIMainStoryboardFile = Main;
				INFOPLIST_KEY_UISupportedInterfaceOrientations_iPad = "UIInterfaceOrientationPortrait UIInterfaceOrientationPortraitUpsideDown UIInterfaceOrientationLandscapeLeft UIInterfaceOrientationLandscapeRight";
				INFOPLIST_KEY_UISupportedInterfaceOrientations_iPhone = "UIInterfaceOrientationPortrait UIInterfaceOrientationLandscapeLeft UIInterfaceOrientationLandscapeRight";
				LD_RUNPATH_SEARCH_PATHS = (
					"$(inherited)",
					"@executable_path/Frameworks",
				);
				MARKETING_VERSION = 1.0;
				PRODUCT_BUNDLE_IDENTIFIER = "-.-6and17lessonUIImageViewAndUIScrollView";
				PRODUCT_NAME = "$(TARGET_NAME)";
				SWIFT_EMIT_LOC_STRINGS = YES;
				SWIFT_VERSION = 5.0;
				TARGETED_DEVICE_FAMILY = "1,2";
			};
			name = Debug;
		};
		09E1404D2A178822002E1A2D /* Release */ = {
			isa = XCBuildConfiguration;
			buildSettings = {
				ASSETCATALOG_COMPILER_APPICON_NAME = AppIcon;
				ASSETCATALOG_COMPILER_GLOBAL_ACCENT_COLOR_NAME = AccentColor;
				CODE_SIGN_STYLE = Automatic;
				CURRENT_PROJECT_VERSION = 1;
				DEVELOPMENT_TEAM = WFX9Z8Q7WY;
				GENERATE_INFOPLIST_FILE = YES;
				INFOPLIST_FILE = 16and17lessonUIImageViewAndUIScrollView/Info.plist;
				INFOPLIST_KEY_UIApplicationSupportsIndirectInputEvents = YES;
				INFOPLIST_KEY_UILaunchStoryboardName = LaunchScreen;
				INFOPLIST_KEY_UIMainStoryboardFile = Main;
				INFOPLIST_KEY_UISupportedInterfaceOrientations_iPad = "UIInterfaceOrientationPortrait UIInterfaceOrientationPortraitUpsideDown UIInterfaceOrientationLandscapeLeft UIInterfaceOrientationLandscapeRight";
				INFOPLIST_KEY_UISupportedInterfaceOrientations_iPhone = "UIInterfaceOrientationPortrait UIInterfaceOrientationLandscapeLeft UIInterfaceOrientationLandscapeRight";
				LD_RUNPATH_SEARCH_PATHS = (
					"$(inherited)",
					"@executable_path/Frameworks",
				);
				MARKETING_VERSION = 1.0;
				PRODUCT_BUNDLE_IDENTIFIER = "-.-6and17lessonUIImageViewAndUIScrollView";
				PRODUCT_NAME = "$(TARGET_NAME)";
				SWIFT_EMIT_LOC_STRINGS = YES;
				SWIFT_VERSION = 5.0;
				TARGETED_DEVICE_FAMILY = "1,2";
			};
			name = Release;
		};
/* End XCBuildConfiguration section */

/* Begin XCConfigurationList section */
		09E140322A178821002E1A2D /* Build configuration list for PBXProject "16and17lessonUIImageViewAndUIScrollView" */ = {
			isa = XCConfigurationList;
			buildConfigurations = (
				09E140492A178822002E1A2D /* Debug */,
				09E1404A2A178822002E1A2D /* Release */,
			);
			defaultConfigurationIsVisible = 0;
			defaultConfigurationName = Release;
		};
		09E1404B2A178822002E1A2D /* Build configuration list for PBXNativeTarget "16and17lessonUIImageViewAndUIScrollView" */ = {
			isa = XCConfigurationList;
			buildConfigurations = (
				09E1404C2A178822002E1A2D /* Debug */,
				09E1404D2A178822002E1A2D /* Release */,
			);
			defaultConfigurationIsVisible = 0;
			defaultConfigurationName = Release;
		};
/* End XCConfigurationList section */
	};
	rootObject = 09E1402F2A178821002E1A2D /* Project object */;
}
